// !$*UTF8*$!
{
	archiveVersion = 1;
	classes = {
	};
	objectVersion = 77;
	objects = {

/* Begin PBXBuildFile section */
		0515E7BF2CC476D100321C89 /* AppDelegate.swift in Sources */ = {isa = PBXBuildFile; fileRef = 0515E7BE2CC476D100321C89 /* AppDelegate.swift */; };
		0515E7C12CC476D100321C89 /* SceneDelegate.swift in Sources */ = {isa = PBXBuildFile; fileRef = 0515E7C02CC476D100321C89 /* SceneDelegate.swift */; };
		0515E7C32CC476D100321C89 /* ViewController.swift in Sources */ = {isa = PBXBuildFile; fileRef = 0515E7C22CC476D100321C89 /* ViewController.swift */; };
		0515E7C62CC476D100321C89 /* Main.storyboard in Resources */ = {isa = PBXBuildFile; fileRef = 0515E7C42CC476D100321C89 /* Main.storyboard */; };
		0515E7C82CC476D300321C89 /* Assets.xcassets in Resources */ = {isa = PBXBuildFile; fileRef = 0515E7C72CC476D300321C89 /* Assets.xcassets */; };
		0515E7CB2CC476D300321C89 /* LaunchScreen.storyboard in Resources */ = {isa = PBXBuildFile; fileRef = 0515E7C92CC476D300321C89 /* LaunchScreen.storyboard */; };
		0515E7D42CC4781700321C89 /* MultiUIKit.xcframework in Frameworks */ = {isa = PBXBuildFile; fileRef = 0515E7D32CC4781700321C89 /* MultiUIKit.xcframework */; };
		0515E7D52CC4781700321C89 /* MultiUIKit.xcframework in Embed Frameworks */ = {isa = PBXBuildFile; fileRef = 0515E7D32CC4781700321C89 /* MultiUIKit.xcframework */; settings = {ATTRIBUTES = (CodeSignOnCopy, RemoveHeadersOnCopy, ); }; };
		05199E062CCE208500A61840 /* MIStackCore.xib in Resources */ = {isa = PBXBuildFile; fileRef = 05199E052CCE208500A61840 /* MIStackCore.xib */; };
		05199E082CCE20D200A61840 /* MIStackCore.xib in Resources */ = {isa = PBXBuildFile; fileRef = 05199E072CCE20D200A61840 /* MIStackCore.xib */; };
		05199E0A2CCE210900A61840 /* MIStackCore.swift in Sources */ = {isa = PBXBuildFile; fileRef = 05199E092CCE210900A61840 /* MIStackCore.swift */; };
		05199E0B2CCE210900A61840 /* MIStackCore.swift in Sources */ = {isa = PBXBuildFile; fileRef = 05199E092CCE210900A61840 /* MIStackCore.swift */; };
		052C608A2CC4F34700E7523B /* AppDelegate.swift in Sources */ = {isa = PBXBuildFile; fileRef = 052C60892CC4F34700E7523B /* AppDelegate.swift */; };
		052C608C2CC4F34700E7523B /* ViewController.swift in Sources */ = {isa = PBXBuildFile; fileRef = 052C608B2CC4F34700E7523B /* ViewController.swift */; };
		052C608E2CC4F34900E7523B /* Assets.xcassets in Resources */ = {isa = PBXBuildFile; fileRef = 052C608D2CC4F34900E7523B /* Assets.xcassets */; };
		052C60912CC4F34900E7523B /* Main.storyboard in Resources */ = {isa = PBXBuildFile; fileRef = 052C608F2CC4F34900E7523B /* Main.storyboard */; };
		052C60962CC4F4FD00E7523B /* MultiUIKit.xcframework in Frameworks */ = {isa = PBXBuildFile; fileRef = 0515E7D32CC4781700321C89 /* MultiUIKit.xcframework */; };
		052C60972CC4F4FD00E7523B /* MultiUIKit.xcframework in Embed Frameworks */ = {isa = PBXBuildFile; fileRef = 0515E7D32CC4781700321C89 /* MultiUIKit.xcframework */; settings = {ATTRIBUTES = (CodeSignOnCopy, RemoveHeadersOnCopy, ); }; };
		052C609A2CC5001C00E7523B /* MILabelCore.xib in Resources */ = {isa = PBXBuildFile; fileRef = 052C60992CC5001C00E7523B /* MILabelCore.xib */; };
		052C609C2CC5019F00E7523B /* MILabelCore.swift in Sources */ = {isa = PBXBuildFile; fileRef = 052C609B2CC5019F00E7523B /* MILabelCore.swift */; };
		052C609D2CC5019F00E7523B /* MILabelCore.swift in Sources */ = {isa = PBXBuildFile; fileRef = 052C609B2CC5019F00E7523B /* MILabelCore.swift */; };
		052C609F2CC502D400E7523B /* MILabelCore.xib in Resources */ = {isa = PBXBuildFile; fileRef = 052C609E2CC502D400E7523B /* MILabelCore.xib */; };
		052C60A12CC5049B00E7523B /* MILabel.swift in Sources */ = {isa = PBXBuildFile; fileRef = 052C60A02CC5049B00E7523B /* MILabel.swift */; };
		052C60A22CC5049B00E7523B /* MILabel.swift in Sources */ = {isa = PBXBuildFile; fileRef = 052C60A02CC5049B00E7523B /* MILabel.swift */; };
		0531A89B2CC49DE00053A897 /* MIButtonCore.xib in Resources */ = {isa = PBXBuildFile; fileRef = 0531A8982CC49D1C0053A897 /* MIButtonCore.xib */; };
		053B48AB2CD596F90008AD33 /* MIBaseView.swift in Sources */ = {isa = PBXBuildFile; fileRef = 053B48AA2CD596F90008AD33 /* MIBaseView.swift */; };
		053B48AC2CD596F90008AD33 /* MIBaseView.swift in Sources */ = {isa = PBXBuildFile; fileRef = 053B48AA2CD596F90008AD33 /* MIBaseView.swift */; };
		054721A92CCE25E700F6EEA4 /* MIStack.swift in Sources */ = {isa = PBXBuildFile; fileRef = 054721A82CCE25E700F6EEA4 /* MIStack.swift */; };
		054721AA2CCE25E700F6EEA4 /* MIStack.swift in Sources */ = {isa = PBXBuildFile; fileRef = 054721A82CCE25E700F6EEA4 /* MIStack.swift */; };
		0567D0722CD6760500595CDD /* MITextFieldCore.swift in Sources */ = {isa = PBXBuildFile; fileRef = 0567D0712CD6760500595CDD /* MITextFieldCore.swift */; };
		0567D0732CD6760500595CDD /* MITextFieldCore.swift in Sources */ = {isa = PBXBuildFile; fileRef = 0567D0712CD6760500595CDD /* MITextFieldCore.swift */; };
		0567D0752CD6767800595CDD /* MITextFieldCore.xib in Resources */ = {isa = PBXBuildFile; fileRef = 0567D0742CD6767800595CDD /* MITextFieldCore.xib */; };
		0567D0772CD6775600595CDD /* MITextFieldCore.xib in Resources */ = {isa = PBXBuildFile; fileRef = 0567D0762CD6775600595CDD /* MITextFieldCore.xib */; };
		0567D0792CD678E900595CDD /* MITextField.swift in Sources */ = {isa = PBXBuildFile; fileRef = 0567D0782CD678E900595CDD /* MITextField.swift */; };
		0567D07A2CD678E900595CDD /* MITextField.swift in Sources */ = {isa = PBXBuildFile; fileRef = 0567D0782CD678E900595CDD /* MITextField.swift */; };
		05B93FAF2CD5FDA800BA959F /* MISwitchCore.xib in Resources */ = {isa = PBXBuildFile; fileRef = 05B93FAE2CD5FDA800BA959F /* MISwitchCore.xib */; };
		05B93FB12CD5FDD900BA959F /* MISwitchCore.xib in Resources */ = {isa = PBXBuildFile; fileRef = 05B93FB02CD5FDD900BA959F /* MISwitchCore.xib */; };
		05B93FB32CD5FF3B00BA959F /* MISwitchCore.swift in Sources */ = {isa = PBXBuildFile; fileRef = 05B93FB22CD5FF3B00BA959F /* MISwitchCore.swift */; };
		05B93FB42CD5FF3B00BA959F /* MISwitchCore.swift in Sources */ = {isa = PBXBuildFile; fileRef = 05B93FB22CD5FF3B00BA959F /* MISwitchCore.swift */; };
		05B93FB62CD6183000BA959F /* MISwitch.swift in Sources */ = {isa = PBXBuildFile; fileRef = 05B93FB52CD6183000BA959F /* MISwitch.swift */; };
		05B93FB72CD6183000BA959F /* MISwitch.swift in Sources */ = {isa = PBXBuildFile; fileRef = 05B93FB52CD6183000BA959F /* MISwitch.swift */; };
		05F64B372CC3ADB900AAFAD9 /* MIType.swift in Sources */ = {isa = PBXBuildFile; fileRef = 05F64B362CC3ADB900AAFAD9 /* MIType.swift */; };
		05F64B382CC3ADB900AAFAD9 /* MIType.swift in Sources */ = {isa = PBXBuildFile; fileRef = 05F64B362CC3ADB900AAFAD9 /* MIType.swift */; };
		05F64B3C2CC3AED800AAFAD9 /* MIError.swift in Sources */ = {isa = PBXBuildFile; fileRef = 05F64B3A2CC3AED800AAFAD9 /* MIError.swift */; };
		05F64B3D2CC3AED800AAFAD9 /* MICoreView.swift in Sources */ = {isa = PBXBuildFile; fileRef = 05F64B392CC3AED800AAFAD9 /* MICoreView.swift */; };
		05F64B3E2CC3AED800AAFAD9 /* MIInterfaceView.swift in Sources */ = {isa = PBXBuildFile; fileRef = 05F64B3B2CC3AED800AAFAD9 /* MIInterfaceView.swift */; };
		05F64B3F2CC3AED800AAFAD9 /* MIError.swift in Sources */ = {isa = PBXBuildFile; fileRef = 05F64B3A2CC3AED800AAFAD9 /* MIError.swift */; };
		05F64B402CC3AED800AAFAD9 /* MICoreView.swift in Sources */ = {isa = PBXBuildFile; fileRef = 05F64B392CC3AED800AAFAD9 /* MICoreView.swift */; };
		05F64B412CC3AED800AAFAD9 /* MIInterfaceView.swift in Sources */ = {isa = PBXBuildFile; fileRef = 05F64B3B2CC3AED800AAFAD9 /* MIInterfaceView.swift */; };
		05F64B452CC3C77000AAFAD9 /* MIButton.swift in Sources */ = {isa = PBXBuildFile; fileRef = 05F64B432CC3C77000AAFAD9 /* MIButton.swift */; };
		05F64B462CC3C77000AAFAD9 /* MIButtonCore.swift in Sources */ = {isa = PBXBuildFile; fileRef = 05F64B442CC3C77000AAFAD9 /* MIButtonCore.swift */; };
		05F64B472CC3C77000AAFAD9 /* MIButton.swift in Sources */ = {isa = PBXBuildFile; fileRef = 05F64B432CC3C77000AAFAD9 /* MIButton.swift */; };
		05F64B482CC3C77000AAFAD9 /* MIButtonCore.swift in Sources */ = {isa = PBXBuildFile; fileRef = 05F64B442CC3C77000AAFAD9 /* MIButtonCore.swift */; };
		05F64B4E2CC3C81700AAFAD9 /* MIButtonCore.xib in Resources */ = {isa = PBXBuildFile; fileRef = 05F64B4D2CC3C81700AAFAD9 /* MIButtonCore.xib */; };
/* End PBXBuildFile section */

/* Begin PBXContainerItemProxy section */
		058A19082CCEFC970058997A /* PBXContainerItemProxy */ = {
			isa = PBXContainerItemProxy;
			containerPortal = 0549ED002CC3AAD200BB3940 /* Project object */;
			proxyType = 1;
			remoteGlobalIDString = 05F64B522CC3CF5100AAFAD9;
			remoteInfo = Install;
		};
		058A190A2CCEFD480058997A /* PBXContainerItemProxy */ = {
			isa = PBXContainerItemProxy;
			containerPortal = 0549ED002CC3AAD200BB3940 /* Project object */;
			proxyType = 1;
			remoteGlobalIDString = 05F64B522CC3CF5100AAFAD9;
			remoteInfo = Install;
		};
/* End PBXContainerItemProxy section */

/* Begin PBXCopyFilesBuildPhase section */
		0515E7D62CC4781700321C89 /* Embed Frameworks */ = {
			isa = PBXCopyFilesBuildPhase;
			buildActionMask = 2147483647;
			dstPath = "";
			dstSubfolderSpec = 10;
			files = (
				0515E7D52CC4781700321C89 /* MultiUIKit.xcframework in Embed Frameworks */,
			);
			name = "Embed Frameworks";
			runOnlyForDeploymentPostprocessing = 0;
		};
		052C60982CC4F4FD00E7523B /* Embed Frameworks */ = {
			isa = PBXCopyFilesBuildPhase;
			buildActionMask = 2147483647;
			dstPath = "";
			dstSubfolderSpec = 10;
			files = (
				052C60972CC4F4FD00E7523B /* MultiUIKit.xcframework in Embed Frameworks */,
			);
			name = "Embed Frameworks";
			runOnlyForDeploymentPostprocessing = 0;
		};
/* End PBXCopyFilesBuildPhase section */

/* Begin PBXFileReference section */
		0515E7BC2CC476D100321C89 /* UnitTest_iOS.app */ = {isa = PBXFileReference; explicitFileType = wrapper.application; includeInIndex = 0; path = UnitTest_iOS.app; sourceTree = BUILT_PRODUCTS_DIR; };
		0515E7BE2CC476D100321C89 /* AppDelegate.swift */ = {isa = PBXFileReference; lastKnownFileType = sourcecode.swift; path = AppDelegate.swift; sourceTree = "<group>"; };
		0515E7C02CC476D100321C89 /* SceneDelegate.swift */ = {isa = PBXFileReference; lastKnownFileType = sourcecode.swift; path = SceneDelegate.swift; sourceTree = "<group>"; };
		0515E7C22CC476D100321C89 /* ViewController.swift */ = {isa = PBXFileReference; lastKnownFileType = sourcecode.swift; path = ViewController.swift; sourceTree = "<group>"; };
		0515E7C52CC476D100321C89 /* Base */ = {isa = PBXFileReference; lastKnownFileType = file.storyboard; name = Base; path = Base.lproj/Main.storyboard; sourceTree = "<group>"; };
		0515E7C72CC476D300321C89 /* Assets.xcassets */ = {isa = PBXFileReference; lastKnownFileType = folder.assetcatalog; path = Assets.xcassets; sourceTree = "<group>"; };
		0515E7CA2CC476D300321C89 /* Base */ = {isa = PBXFileReference; lastKnownFileType = file.storyboard; name = Base; path = Base.lproj/LaunchScreen.storyboard; sourceTree = "<group>"; };
		0515E7CC2CC476D300321C89 /* Info.plist */ = {isa = PBXFileReference; lastKnownFileType = text.plist.xml; path = Info.plist; sourceTree = "<group>"; };
		0515E7D32CC4781700321C89 /* MultiUIKit.xcframework */ = {isa = PBXFileReference; lastKnownFileType = wrapper.xcframework; name = MultiUIKit.xcframework; path = ../../../Library/Frameworks/MultiUIKit.xcframework; sourceTree = "<group>"; };
		05199E052CCE208500A61840 /* MIStackCore.xib */ = {isa = PBXFileReference; lastKnownFileType = file.xib; path = MIStackCore.xib; sourceTree = "<group>"; };
		05199E072CCE20D200A61840 /* MIStackCore.xib */ = {isa = PBXFileReference; lastKnownFileType = file.xib; path = MIStackCore.xib; sourceTree = "<group>"; };
		05199E092CCE210900A61840 /* MIStackCore.swift */ = {isa = PBXFileReference; lastKnownFileType = sourcecode.swift; path = MIStackCore.swift; sourceTree = "<group>"; };
		052C60872CC4F34700E7523B /* UnitTest_macOS.app */ = {isa = PBXFileReference; explicitFileType = wrapper.application; includeInIndex = 0; path = UnitTest_macOS.app; sourceTree = BUILT_PRODUCTS_DIR; };
		052C60892CC4F34700E7523B /* AppDelegate.swift */ = {isa = PBXFileReference; lastKnownFileType = sourcecode.swift; path = AppDelegate.swift; sourceTree = "<group>"; };
		052C608B2CC4F34700E7523B /* ViewController.swift */ = {isa = PBXFileReference; lastKnownFileType = sourcecode.swift; path = ViewController.swift; sourceTree = "<group>"; };
		052C608D2CC4F34900E7523B /* Assets.xcassets */ = {isa = PBXFileReference; lastKnownFileType = folder.assetcatalog; path = Assets.xcassets; sourceTree = "<group>"; };
		052C60902CC4F34900E7523B /* Base */ = {isa = PBXFileReference; lastKnownFileType = file.storyboard; name = Base; path = Base.lproj/Main.storyboard; sourceTree = "<group>"; };
		052C60922CC4F34900E7523B /* UnitTest_macOS.entitlements */ = {isa = PBXFileReference; lastKnownFileType = text.plist.entitlements; path = UnitTest_macOS.entitlements; sourceTree = "<group>"; };
		052C60992CC5001C00E7523B /* MILabelCore.xib */ = {isa = PBXFileReference; lastKnownFileType = file.xib; path = MILabelCore.xib; sourceTree = "<group>"; };
		052C609B2CC5019F00E7523B /* MILabelCore.swift */ = {isa = PBXFileReference; lastKnownFileType = sourcecode.swift; path = MILabelCore.swift; sourceTree = "<group>"; };
		052C609E2CC502D400E7523B /* MILabelCore.xib */ = {isa = PBXFileReference; lastKnownFileType = file.xib; path = MILabelCore.xib; sourceTree = "<group>"; };
		052C60A02CC5049B00E7523B /* MILabel.swift */ = {isa = PBXFileReference; lastKnownFileType = sourcecode.swift; path = MILabel.swift; sourceTree = "<group>"; };
		0531A8982CC49D1C0053A897 /* MIButtonCore.xib */ = {isa = PBXFileReference; lastKnownFileType = file.xib; path = MIButtonCore.xib; sourceTree = "<group>"; };
		053B48AA2CD596F90008AD33 /* MIBaseView.swift */ = {isa = PBXFileReference; lastKnownFileType = sourcecode.swift; path = MIBaseView.swift; sourceTree = "<group>"; };
		054721A82CCE25E700F6EEA4 /* MIStack.swift */ = {isa = PBXFileReference; lastKnownFileType = sourcecode.swift; path = MIStack.swift; sourceTree = "<group>"; };
		0549ED092CC3AAD200BB3940 /* MultiUIKit.framework */ = {isa = PBXFileReference; explicitFileType = wrapper.framework; includeInIndex = 0; path = MultiUIKit.framework; sourceTree = BUILT_PRODUCTS_DIR; };
		0567D0712CD6760500595CDD /* MITextFieldCore.swift */ = {isa = PBXFileReference; lastKnownFileType = sourcecode.swift; path = MITextFieldCore.swift; sourceTree = "<group>"; };
		0567D0742CD6767800595CDD /* MITextFieldCore.xib */ = {isa = PBXFileReference; lastKnownFileType = file.xib; path = MITextFieldCore.xib; sourceTree = "<group>"; };
		0567D0762CD6775600595CDD /* MITextFieldCore.xib */ = {isa = PBXFileReference; lastKnownFileType = file.xib; path = MITextFieldCore.xib; sourceTree = "<group>"; };
		0567D0782CD678E900595CDD /* MITextField.swift */ = {isa = PBXFileReference; lastKnownFileType = sourcecode.swift; path = MITextField.swift; sourceTree = "<group>"; };
		05B93FAE2CD5FDA800BA959F /* MISwitchCore.xib */ = {isa = PBXFileReference; lastKnownFileType = file.xib; path = MISwitchCore.xib; sourceTree = "<group>"; };
		05B93FB02CD5FDD900BA959F /* MISwitchCore.xib */ = {isa = PBXFileReference; lastKnownFileType = file.xib; path = MISwitchCore.xib; sourceTree = "<group>"; };
		05B93FB22CD5FF3B00BA959F /* MISwitchCore.swift */ = {isa = PBXFileReference; lastKnownFileType = sourcecode.swift; path = MISwitchCore.swift; sourceTree = "<group>"; };
		05B93FB52CD6183000BA959F /* MISwitch.swift */ = {isa = PBXFileReference; lastKnownFileType = sourcecode.swift; path = MISwitch.swift; sourceTree = "<group>"; };
		05CF52B62CC3AD3A0034E7BF /* MultiUIKit.framework */ = {isa = PBXFileReference; explicitFileType = wrapper.framework; includeInIndex = 0; path = MultiUIKit.framework; sourceTree = BUILT_PRODUCTS_DIR; };
		05F64B362CC3ADB900AAFAD9 /* MIType.swift */ = {isa = PBXFileReference; lastKnownFileType = sourcecode.swift; path = MIType.swift; sourceTree = "<group>"; };
		05F64B392CC3AED800AAFAD9 /* MICoreView.swift */ = {isa = PBXFileReference; lastKnownFileType = sourcecode.swift; path = MICoreView.swift; sourceTree = "<group>"; };
		05F64B3A2CC3AED800AAFAD9 /* MIError.swift */ = {isa = PBXFileReference; lastKnownFileType = sourcecode.swift; path = MIError.swift; sourceTree = "<group>"; };
		05F64B3B2CC3AED800AAFAD9 /* MIInterfaceView.swift */ = {isa = PBXFileReference; lastKnownFileType = sourcecode.swift; path = MIInterfaceView.swift; sourceTree = "<group>"; };
		05F64B432CC3C77000AAFAD9 /* MIButton.swift */ = {isa = PBXFileReference; lastKnownFileType = sourcecode.swift; path = MIButton.swift; sourceTree = "<group>"; };
		05F64B442CC3C77000AAFAD9 /* MIButtonCore.swift */ = {isa = PBXFileReference; lastKnownFileType = sourcecode.swift; path = MIButtonCore.swift; sourceTree = "<group>"; };
		05F64B4D2CC3C81700AAFAD9 /* MIButtonCore.xib */ = {isa = PBXFileReference; lastKnownFileType = file.xib; path = MIButtonCore.xib; sourceTree = "<group>"; };
/* End PBXFileReference section */

/* Begin PBXFileSystemSynchronizedBuildFileExceptionSet section */
		0549ED102CC3AAD200BB3940 /* Exceptions for "MultiUIKit_macOS" folder in "MultiUIKit_macOS" target */ = {
			isa = PBXFileSystemSynchronizedBuildFileExceptionSet;
			publicHeaders = (
				MultiUIKit_macOS.h,
			);
			target = 0549ED082CC3AAD200BB3940 /* MultiUIKit_macOS */;
		};
		05CF52BC2CC3AD3A0034E7BF /* Exceptions for "MultiUIKit_iOS" folder in "MultiUIKit_iOS" target */ = {
			isa = PBXFileSystemSynchronizedBuildFileExceptionSet;
			publicHeaders = (
				MultiUIKit_iOS.h,
			);
			target = 05CF52B52CC3AD3A0034E7BF /* MultiUIKit_iOS */;
		};
/* End PBXFileSystemSynchronizedBuildFileExceptionSet section */

/* Begin PBXFileSystemSynchronizedRootGroup section */
		0549ED0B2CC3AAD200BB3940 /* MultiUIKit_macOS */ = {
			isa = PBXFileSystemSynchronizedRootGroup;
			exceptions = (
				0549ED102CC3AAD200BB3940 /* Exceptions for "MultiUIKit_macOS" folder in "MultiUIKit_macOS" target */,
			);
			path = MultiUIKit_macOS;
			sourceTree = "<group>";
		};
		05CF52B72CC3AD3A0034E7BF /* MultiUIKit_iOS */ = {
			isa = PBXFileSystemSynchronizedRootGroup;
			exceptions = (
				05CF52BC2CC3AD3A0034E7BF /* Exceptions for "MultiUIKit_iOS" folder in "MultiUIKit_iOS" target */,
			);
			path = MultiUIKit_iOS;
			sourceTree = "<group>";
		};
/* End PBXFileSystemSynchronizedRootGroup section */

/* Begin PBXFrameworksBuildPhase section */
		0515E7B92CC476D100321C89 /* Frameworks */ = {
			isa = PBXFrameworksBuildPhase;
			buildActionMask = 2147483647;
			files = (
				0515E7D42CC4781700321C89 /* MultiUIKit.xcframework in Frameworks */,
			);
			runOnlyForDeploymentPostprocessing = 0;
		};
		052C60842CC4F34700E7523B /* Frameworks */ = {
			isa = PBXFrameworksBuildPhase;
			buildActionMask = 2147483647;
			files = (
				052C60962CC4F4FD00E7523B /* MultiUIKit.xcframework in Frameworks */,
			);
			runOnlyForDeploymentPostprocessing = 0;
		};
		0549ED062CC3AAD200BB3940 /* Frameworks */ = {
			isa = PBXFrameworksBuildPhase;
			buildActionMask = 2147483647;
			files = (
			);
			runOnlyForDeploymentPostprocessing = 0;
		};
		05CF52B32CC3AD3A0034E7BF /* Frameworks */ = {
			isa = PBXFrameworksBuildPhase;
			buildActionMask = 2147483647;
			files = (
			);
			runOnlyForDeploymentPostprocessing = 0;
		};
/* End PBXFrameworksBuildPhase section */

/* Begin PBXGroup section */
		0515E7D12CC476DD00321C89 /* iOS */ = {
			isa = PBXGroup;
			children = (
				0515E7BE2CC476D100321C89 /* AppDelegate.swift */,
				0515E7C72CC476D300321C89 /* Assets.xcassets */,
				0515E7CC2CC476D300321C89 /* Info.plist */,
				0515E7C92CC476D300321C89 /* LaunchScreen.storyboard */,
				0515E7C42CC476D100321C89 /* Main.storyboard */,
				0515E7C02CC476D100321C89 /* SceneDelegate.swift */,
				0515E7C22CC476D100321C89 /* ViewController.swift */,
			);
			path = iOS;
			sourceTree = "<group>";
		};
		0515E7D22CC4781700321C89 /* Frameworks */ = {
			isa = PBXGroup;
			children = (
				0515E7D32CC4781700321C89 /* MultiUIKit.xcframework */,
			);
			name = Frameworks;
			sourceTree = "<group>";
		};
		052C60822CC4CAB000E7523B /* macOS */ = {
			isa = PBXGroup;
			children = (
				052C60892CC4F34700E7523B /* AppDelegate.swift */,
				052C608D2CC4F34900E7523B /* Assets.xcassets */,
				052C608F2CC4F34900E7523B /* Main.storyboard */,
				052C60922CC4F34900E7523B /* UnitTest_macOS.entitlements */,
				052C608B2CC4F34700E7523B /* ViewController.swift */,
			);
			path = macOS;
			sourceTree = "<group>";
		};
		0549ECFF2CC3AAD200BB3940 = {
			isa = PBXGroup;
			children = (
				05CF52B72CC3AD3A0034E7BF /* MultiUIKit_iOS */,
				0549ED0B2CC3AAD200BB3940 /* MultiUIKit_macOS */,
				05CF52AD2CC3AB750034E7BF /* Source */,
				05F64B4F2CC3CF0200AAFAD9 /* Tests */,
				0515E7D22CC4781700321C89 /* Frameworks */,
				0549ED0A2CC3AAD200BB3940 /* Products */,
			);
			sourceTree = "<group>";
		};
		0549ED0A2CC3AAD200BB3940 /* Products */ = {
			isa = PBXGroup;
			children = (
				0549ED092CC3AAD200BB3940 /* MultiUIKit.framework */,
				05CF52B62CC3AD3A0034E7BF /* MultiUIKit.framework */,
				0515E7BC2CC476D100321C89 /* UnitTest_iOS.app */,
				052C60872CC4F34700E7523B /* UnitTest_macOS.app */,
			);
			name = Products;
			sourceTree = "<group>";
		};
		05CF52AD2CC3AB750034E7BF /* Source */ = {
			isa = PBXGroup;
			children = (
				05CF52AE2CC3ABCF0034E7BF /* Base */,
				05F64B422CC3C74400AAFAD9 /* Controls */,
			);
			name = Source;
			path = ../Source;
			sourceTree = "<group>";
		};
		05CF52AE2CC3ABCF0034E7BF /* Base */ = {
			isa = PBXGroup;
			children = (
				053B48AA2CD596F90008AD33 /* MIBaseView.swift */,
				05F64B392CC3AED800AAFAD9 /* MICoreView.swift */,
				05F64B3A2CC3AED800AAFAD9 /* MIError.swift */,
				05F64B3B2CC3AED800AAFAD9 /* MIInterfaceView.swift */,
				05F64B362CC3ADB900AAFAD9 /* MIType.swift */,
			);
			path = Base;
			sourceTree = "<group>";
		};
		05F64B422CC3C74400AAFAD9 /* Controls */ = {
			isa = PBXGroup;
			children = (
				05F64B492CC3C7C900AAFAD9 /* iOS */,
				05F64B4A2CC3C7D100AAFAD9 /* macOS */,
				05F64B432CC3C77000AAFAD9 /* MIButton.swift */,
				05F64B442CC3C77000AAFAD9 /* MIButtonCore.swift */,
				052C60A02CC5049B00E7523B /* MILabel.swift */,
				052C609B2CC5019F00E7523B /* MILabelCore.swift */,
				054721A82CCE25E700F6EEA4 /* MIStack.swift */,
				05199E092CCE210900A61840 /* MIStackCore.swift */,
				05B93FB52CD6183000BA959F /* MISwitch.swift */,
				05B93FB22CD5FF3B00BA959F /* MISwitchCore.swift */,
				0567D0782CD678E900595CDD /* MITextField.swift */,
				0567D0712CD6760500595CDD /* MITextFieldCore.swift */,
			);
			path = Controls;
			sourceTree = "<group>";
		};
		05F64B492CC3C7C900AAFAD9 /* iOS */ = {
			isa = PBXGroup;
			children = (
				0531A8982CC49D1C0053A897 /* MIButtonCore.xib */,
				052C609E2CC502D400E7523B /* MILabelCore.xib */,
				05199E052CCE208500A61840 /* MIStackCore.xib */,
				05B93FAE2CD5FDA800BA959F /* MISwitchCore.xib */,
				0567D0762CD6775600595CDD /* MITextFieldCore.xib */,
			);
			path = iOS;
			sourceTree = "<group>";
		};
		05F64B4A2CC3C7D100AAFAD9 /* macOS */ = {
			isa = PBXGroup;
			children = (
				05F64B4D2CC3C81700AAFAD9 /* MIButtonCore.xib */,
				052C60992CC5001C00E7523B /* MILabelCore.xib */,
				05199E072CCE20D200A61840 /* MIStackCore.xib */,
				05B93FB02CD5FDD900BA959F /* MISwitchCore.xib */,
				0567D0742CD6767800595CDD /* MITextFieldCore.xib */,
			);
			path = macOS;
			sourceTree = "<group>";
		};
		05F64B4F2CC3CF0200AAFAD9 /* Tests */ = {
			isa = PBXGroup;
			children = (
				052C60822CC4CAB000E7523B /* macOS */,
				0515E7D12CC476DD00321C89 /* iOS */,
			);
			name = Tests;
			path = ../Tests;
			sourceTree = "<group>";
		};
/* End PBXGroup section */

/* Begin PBXHeadersBuildPhase section */
		0549ED042CC3AAD200BB3940 /* Headers */ = {
			isa = PBXHeadersBuildPhase;
			buildActionMask = 2147483647;
			files = (
			);
			runOnlyForDeploymentPostprocessing = 0;
		};
		05CF52B12CC3AD3A0034E7BF /* Headers */ = {
			isa = PBXHeadersBuildPhase;
			buildActionMask = 2147483647;
			files = (
			);
			runOnlyForDeploymentPostprocessing = 0;
		};
/* End PBXHeadersBuildPhase section */

/* Begin PBXLegacyTarget section */
		05F64B522CC3CF5100AAFAD9 /* Install */ = {
			isa = PBXLegacyTarget;
			buildArgumentsString = "-f ../Script/install.mk";
			buildConfigurationList = 05F64B532CC3CF5100AAFAD9 /* Build configuration list for PBXLegacyTarget "Install" */;
			buildPhases = (
			);
			buildToolPath = /usr/bin/make;
			buildWorkingDirectory = "";
			dependencies = (
			);
			name = Install;
			packageProductDependencies = (
			);
			passBuildSettingsInEnvironment = 1;
			productName = Install;
		};
/* End PBXLegacyTarget section */

/* Begin PBXNativeTarget section */
		0515E7BB2CC476D100321C89 /* UnitTest_iOS */ = {
			isa = PBXNativeTarget;
			buildConfigurationList = 0515E7CE2CC476D300321C89 /* Build configuration list for PBXNativeTarget "UnitTest_iOS" */;
			buildPhases = (
				0515E7B82CC476D100321C89 /* Sources */,
				0515E7B92CC476D100321C89 /* Frameworks */,
				0515E7BA2CC476D100321C89 /* Resources */,
				0515E7D62CC4781700321C89 /* Embed Frameworks */,
			);
			buildRules = (
			);
			dependencies = (
				058A19092CCEFC970058997A /* PBXTargetDependency */,
			);
			name = UnitTest_iOS;
			packageProductDependencies = (
			);
			productName = UnitTest_iOS;
			productReference = 0515E7BC2CC476D100321C89 /* UnitTest_iOS.app */;
			productType = "com.apple.product-type.application";
		};
		052C60862CC4F34700E7523B /* UnitTest_macOS */ = {
			isa = PBXNativeTarget;
			buildConfigurationList = 052C60932CC4F34900E7523B /* Build configuration list for PBXNativeTarget "UnitTest_macOS" */;
			buildPhases = (
				052C60832CC4F34700E7523B /* Sources */,
				052C60842CC4F34700E7523B /* Frameworks */,
				052C60852CC4F34700E7523B /* Resources */,
				052C60982CC4F4FD00E7523B /* Embed Frameworks */,
			);
			buildRules = (
			);
			dependencies = (
				058A190B2CCEFD480058997A /* PBXTargetDependency */,
			);
			name = UnitTest_macOS;
			packageProductDependencies = (
			);
			productName = UnitTest_macOS;
			productReference = 052C60872CC4F34700E7523B /* UnitTest_macOS.app */;
			productType = "com.apple.product-type.application";
		};
		0549ED082CC3AAD200BB3940 /* MultiUIKit_macOS */ = {
			isa = PBXNativeTarget;
			buildConfigurationList = 0549ED112CC3AAD200BB3940 /* Build configuration list for PBXNativeTarget "MultiUIKit_macOS" */;
			buildPhases = (
				0549ED042CC3AAD200BB3940 /* Headers */,
				0549ED052CC3AAD200BB3940 /* Sources */,
				0549ED062CC3AAD200BB3940 /* Frameworks */,
				0549ED072CC3AAD200BB3940 /* Resources */,
			);
			buildRules = (
			);
			dependencies = (
			);
			fileSystemSynchronizedGroups = (
				0549ED0B2CC3AAD200BB3940 /* MultiUIKit_macOS */,
			);
			name = MultiUIKit_macOS;
			packageProductDependencies = (
			);
			productName = MultiUIKit_macOS;
			productReference = 0549ED092CC3AAD200BB3940 /* MultiUIKit.framework */;
			productType = "com.apple.product-type.framework";
		};
		05CF52B52CC3AD3A0034E7BF /* MultiUIKit_iOS */ = {
			isa = PBXNativeTarget;
			buildConfigurationList = 05CF52BD2CC3AD3A0034E7BF /* Build configuration list for PBXNativeTarget "MultiUIKit_iOS" */;
			buildPhases = (
				05CF52B12CC3AD3A0034E7BF /* Headers */,
				05CF52B22CC3AD3A0034E7BF /* Sources */,
				05CF52B32CC3AD3A0034E7BF /* Frameworks */,
				0515E7D92CC47D9A00321C89 /* Resources */,
			);
			buildRules = (
			);
			dependencies = (
			);
			fileSystemSynchronizedGroups = (
				05CF52B72CC3AD3A0034E7BF /* MultiUIKit_iOS */,
			);
			name = MultiUIKit_iOS;
			packageProductDependencies = (
			);
			productName = MultiUIKit_iOS;
			productReference = 05CF52B62CC3AD3A0034E7BF /* MultiUIKit.framework */;
			productType = "com.apple.product-type.framework";
		};
/* End PBXNativeTarget section */

/* Begin PBXProject section */
		0549ED002CC3AAD200BB3940 /* Project object */ = {
			isa = PBXProject;
			attributes = {
				BuildIndependentTargetsInParallel = 1;
				LastSwiftUpdateCheck = 1600;
				LastUpgradeCheck = 1610;
				TargetAttributes = {
					0515E7BB2CC476D100321C89 = {
						CreatedOnToolsVersion = 16.0;
					};
					052C60862CC4F34700E7523B = {
						CreatedOnToolsVersion = 16.0;
					};
					0549ED082CC3AAD200BB3940 = {
						CreatedOnToolsVersion = 16.0;
					};
					05CF52B52CC3AD3A0034E7BF = {
						CreatedOnToolsVersion = 16.0;
					};
					05F64B522CC3CF5100AAFAD9 = {
						CreatedOnToolsVersion = 16.0;
					};
				};
			};
			buildConfigurationList = 0549ED032CC3AAD200BB3940 /* Build configuration list for PBXProject "MultiUIKit" */;
			developmentRegion = en;
			hasScannedForEncodings = 0;
			knownRegions = (
				en,
				Base,
			);
			mainGroup = 0549ECFF2CC3AAD200BB3940;
			minimizedProjectReferenceProxies = 1;
			preferredProjectObjectVersion = 77;
			productRefGroup = 0549ED0A2CC3AAD200BB3940 /* Products */;
			projectDirPath = "";
			projectRoot = "";
			targets = (
				0549ED082CC3AAD200BB3940 /* MultiUIKit_macOS */,
				05CF52B52CC3AD3A0034E7BF /* MultiUIKit_iOS */,
				05F64B522CC3CF5100AAFAD9 /* Install */,
				0515E7BB2CC476D100321C89 /* UnitTest_iOS */,
				052C60862CC4F34700E7523B /* UnitTest_macOS */,
			);
		};
/* End PBXProject section */

/* Begin PBXResourcesBuildPhase section */
		0515E7BA2CC476D100321C89 /* Resources */ = {
			isa = PBXResourcesBuildPhase;
			buildActionMask = 2147483647;
			files = (
				0515E7CB2CC476D300321C89 /* LaunchScreen.storyboard in Resources */,
				0515E7C82CC476D300321C89 /* Assets.xcassets in Resources */,
				0515E7C62CC476D100321C89 /* Main.storyboard in Resources */,
			);
			runOnlyForDeploymentPostprocessing = 0;
		};
		0515E7D92CC47D9A00321C89 /* Resources */ = {
			isa = PBXResourcesBuildPhase;
			buildActionMask = 2147483647;
			files = (
				05B93FAF2CD5FDA800BA959F /* MISwitchCore.xib in Resources */,
				0531A89B2CC49DE00053A897 /* MIButtonCore.xib in Resources */,
				05199E062CCE208500A61840 /* MIStackCore.xib in Resources */,
				0567D0772CD6775600595CDD /* MITextFieldCore.xib in Resources */,
				052C609F2CC502D400E7523B /* MILabelCore.xib in Resources */,
			);
			runOnlyForDeploymentPostprocessing = 0;
		};
		052C60852CC4F34700E7523B /* Resources */ = {
			isa = PBXResourcesBuildPhase;
			buildActionMask = 2147483647;
			files = (
				052C608E2CC4F34900E7523B /* Assets.xcassets in Resources */,
				052C60912CC4F34900E7523B /* Main.storyboard in Resources */,
			);
			runOnlyForDeploymentPostprocessing = 0;
		};
		0549ED072CC3AAD200BB3940 /* Resources */ = {
			isa = PBXResourcesBuildPhase;
			buildActionMask = 2147483647;
			files = (
				05F64B4E2CC3C81700AAFAD9 /* MIButtonCore.xib in Resources */,
				05B93FB12CD5FDD900BA959F /* MISwitchCore.xib in Resources */,
				05199E082CCE20D200A61840 /* MIStackCore.xib in Resources */,
				0567D0752CD6767800595CDD /* MITextFieldCore.xib in Resources */,
				052C609A2CC5001C00E7523B /* MILabelCore.xib in Resources */,
			);
			runOnlyForDeploymentPostprocessing = 0;
		};
/* End PBXResourcesBuildPhase section */

/* Begin PBXSourcesBuildPhase section */
		0515E7B82CC476D100321C89 /* Sources */ = {
			isa = PBXSourcesBuildPhase;
			buildActionMask = 2147483647;
			files = (
				0515E7C32CC476D100321C89 /* ViewController.swift in Sources */,
				0515E7BF2CC476D100321C89 /* AppDelegate.swift in Sources */,
				0515E7C12CC476D100321C89 /* SceneDelegate.swift in Sources */,
			);
			runOnlyForDeploymentPostprocessing = 0;
		};
		052C60832CC4F34700E7523B /* Sources */ = {
			isa = PBXSourcesBuildPhase;
			buildActionMask = 2147483647;
			files = (
				052C608C2CC4F34700E7523B /* ViewController.swift in Sources */,
				052C608A2CC4F34700E7523B /* AppDelegate.swift in Sources */,
			);
			runOnlyForDeploymentPostprocessing = 0;
		};
		0549ED052CC3AAD200BB3940 /* Sources */ = {
			isa = PBXSourcesBuildPhase;
			buildActionMask = 2147483647;
			files = (
				05F64B382CC3ADB900AAFAD9 /* MIType.swift in Sources */,
				05F64B3F2CC3AED800AAFAD9 /* MIError.swift in Sources */,
				052C60A12CC5049B00E7523B /* MILabel.swift in Sources */,
				054721AA2CCE25E700F6EEA4 /* MIStack.swift in Sources */,
				05F64B472CC3C77000AAFAD9 /* MIButton.swift in Sources */,
				05B93FB72CD6183000BA959F /* MISwitch.swift in Sources */,
				052C609D2CC5019F00E7523B /* MILabelCore.swift in Sources */,
				0567D0732CD6760500595CDD /* MITextFieldCore.swift in Sources */,
				05199E0A2CCE210900A61840 /* MIStackCore.swift in Sources */,
				05B93FB42CD5FF3B00BA959F /* MISwitchCore.swift in Sources */,
				0567D0792CD678E900595CDD /* MITextField.swift in Sources */,
				053B48AC2CD596F90008AD33 /* MIBaseView.swift in Sources */,
				05F64B482CC3C77000AAFAD9 /* MIButtonCore.swift in Sources */,
				05F64B402CC3AED800AAFAD9 /* MICoreView.swift in Sources */,
				05F64B412CC3AED800AAFAD9 /* MIInterfaceView.swift in Sources */,
			);
			runOnlyForDeploymentPostprocessing = 0;
		};
		05CF52B22CC3AD3A0034E7BF /* Sources */ = {
			isa = PBXSourcesBuildPhase;
			buildActionMask = 2147483647;
			files = (
				05F64B372CC3ADB900AAFAD9 /* MIType.swift in Sources */,
				05F64B3C2CC3AED800AAFAD9 /* MIError.swift in Sources */,
				052C60A22CC5049B00E7523B /* MILabel.swift in Sources */,
				054721A92CCE25E700F6EEA4 /* MIStack.swift in Sources */,
				05F64B452CC3C77000AAFAD9 /* MIButton.swift in Sources */,
				05B93FB62CD6183000BA959F /* MISwitch.swift in Sources */,
				052C609C2CC5019F00E7523B /* MILabelCore.swift in Sources */,
				053B48AB2CD596F90008AD33 /* MIBaseView.swift in Sources */,
				0567D0722CD6760500595CDD /* MITextFieldCore.swift in Sources */,
				05B93FB32CD5FF3B00BA959F /* MISwitchCore.swift in Sources */,
				05199E0B2CCE210900A61840 /* MIStackCore.swift in Sources */,
				0567D07A2CD678E900595CDD /* MITextField.swift in Sources */,
				05F64B462CC3C77000AAFAD9 /* MIButtonCore.swift in Sources */,
				05F64B3D2CC3AED800AAFAD9 /* MICoreView.swift in Sources */,
				05F64B3E2CC3AED800AAFAD9 /* MIInterfaceView.swift in Sources */,
			);
			runOnlyForDeploymentPostprocessing = 0;
		};
/* End PBXSourcesBuildPhase section */

/* Begin PBXTargetDependency section */
		058A19092CCEFC970058997A /* PBXTargetDependency */ = {
			isa = PBXTargetDependency;
			target = 05F64B522CC3CF5100AAFAD9 /* Install */;
			targetProxy = 058A19082CCEFC970058997A /* PBXContainerItemProxy */;
		};
		058A190B2CCEFD480058997A /* PBXTargetDependency */ = {
			isa = PBXTargetDependency;
			target = 05F64B522CC3CF5100AAFAD9 /* Install */;
			targetProxy = 058A190A2CCEFD480058997A /* PBXContainerItemProxy */;
		};
/* End PBXTargetDependency section */

/* Begin PBXVariantGroup section */
		0515E7C42CC476D100321C89 /* Main.storyboard */ = {
			isa = PBXVariantGroup;
			children = (
				0515E7C52CC476D100321C89 /* Base */,
			);
			name = Main.storyboard;
			sourceTree = "<group>";
		};
		0515E7C92CC476D300321C89 /* LaunchScreen.storyboard */ = {
			isa = PBXVariantGroup;
			children = (
				0515E7CA2CC476D300321C89 /* Base */,
			);
			name = LaunchScreen.storyboard;
			sourceTree = "<group>";
		};
		052C608F2CC4F34900E7523B /* Main.storyboard */ = {
			isa = PBXVariantGroup;
			children = (
				052C60902CC4F34900E7523B /* Base */,
			);
			name = Main.storyboard;
			sourceTree = "<group>";
		};
/* End PBXVariantGroup section */

/* Begin XCBuildConfiguration section */
		0515E7CF2CC476D300321C89 /* Debug */ = {
			isa = XCBuildConfiguration;
			buildSettings = {
				ASSETCATALOG_COMPILER_APPICON_NAME = AppIcon;
				ASSETCATALOG_COMPILER_GLOBAL_ACCENT_COLOR_NAME = AccentColor;
				CODE_SIGN_STYLE = Automatic;
				CURRENT_PROJECT_VERSION = 1;
				DEVELOPMENT_TEAM = TR2DNF3P93;
				GCC_OPTIMIZATION_LEVEL = 1;
				GENERATE_INFOPLIST_FILE = YES;
				INFOPLIST_FILE = ../Tests/iOS/Info.plist;
				INFOPLIST_KEY_UIApplicationSupportsIndirectInputEvents = YES;
				INFOPLIST_KEY_UILaunchStoryboardName = LaunchScreen;
				INFOPLIST_KEY_UIMainStoryboardFile = Main;
				INFOPLIST_KEY_UISupportedInterfaceOrientations_iPad = "UIInterfaceOrientationPortrait UIInterfaceOrientationPortraitUpsideDown UIInterfaceOrientationLandscapeLeft UIInterfaceOrientationLandscapeRight";
				INFOPLIST_KEY_UISupportedInterfaceOrientations_iPhone = "UIInterfaceOrientationPortrait UIInterfaceOrientationLandscapeLeft UIInterfaceOrientationLandscapeRight";
				IPHONEOS_DEPLOYMENT_TARGET = 18.0;
				LD_RUNPATH_SEARCH_PATHS = (
					"$(inherited)",
					"$(HOME)/Library/Frameworks",
				);
				MARKETING_VERSION = 1.0;
				PRODUCT_BUNDLE_IDENTIFIER = "com.github.steel-wheels.MultiUIKit.test.iOS.UnitTest-iOS";
				PRODUCT_NAME = "$(TARGET_NAME)";
				SDKROOT = iphoneos;
				SWIFT_EMIT_LOC_STRINGS = YES;
				SWIFT_OPTIMIZATION_LEVEL = "-O";
				SWIFT_VERSION = 5.0;
				TARGETED_DEVICE_FAMILY = "1,2";
			};
			name = Debug;
		};
		0515E7D02CC476D300321C89 /* Release */ = {
			isa = XCBuildConfiguration;
			buildSettings = {
				ASSETCATALOG_COMPILER_APPICON_NAME = AppIcon;
				ASSETCATALOG_COMPILER_GLOBAL_ACCENT_COLOR_NAME = AccentColor;
				CODE_SIGN_STYLE = Automatic;
				CURRENT_PROJECT_VERSION = 1;
				DEVELOPMENT_TEAM = TR2DNF3P93;
				GCC_OPTIMIZATION_LEVEL = 1;
				GENERATE_INFOPLIST_FILE = YES;
				INFOPLIST_FILE = ../Tests/iOS/Info.plist;
				INFOPLIST_KEY_UIApplicationSupportsIndirectInputEvents = YES;
				INFOPLIST_KEY_UILaunchStoryboardName = LaunchScreen;
				INFOPLIST_KEY_UIMainStoryboardFile = Main;
				INFOPLIST_KEY_UISupportedInterfaceOrientations_iPad = "UIInterfaceOrientationPortrait UIInterfaceOrientationPortraitUpsideDown UIInterfaceOrientationLandscapeLeft UIInterfaceOrientationLandscapeRight";
				INFOPLIST_KEY_UISupportedInterfaceOrientations_iPhone = "UIInterfaceOrientationPortrait UIInterfaceOrientationLandscapeLeft UIInterfaceOrientationLandscapeRight";
				IPHONEOS_DEPLOYMENT_TARGET = 18.0;
				LD_RUNPATH_SEARCH_PATHS = (
					"$(inherited)",
					"$(HOME)/Library/Frameworks",
				);
				MARKETING_VERSION = 1.0;
				PRODUCT_BUNDLE_IDENTIFIER = "com.github.steel-wheels.MultiUIKit.test.iOS.UnitTest-iOS";
				PRODUCT_NAME = "$(TARGET_NAME)";
				SDKROOT = iphoneos;
				SWIFT_EMIT_LOC_STRINGS = YES;
				SWIFT_OPTIMIZATION_LEVEL = "-O";
				SWIFT_VERSION = 5.0;
				TARGETED_DEVICE_FAMILY = "1,2";
				VALIDATE_PRODUCT = YES;
			};
			name = Release;
		};
		052C60942CC4F34900E7523B /* Debug */ = {
			isa = XCBuildConfiguration;
			buildSettings = {
				ASSETCATALOG_COMPILER_APPICON_NAME = AppIcon;
				ASSETCATALOG_COMPILER_GLOBAL_ACCENT_COLOR_NAME = AccentColor;
				CODE_SIGN_ENTITLEMENTS = ../Tests/macOS/UnitTest_macOS.entitlements;
				CODE_SIGN_STYLE = Automatic;
				COMBINE_HIDPI_IMAGES = YES;
				CURRENT_PROJECT_VERSION = 1;
				DEAD_CODE_STRIPPING = YES;
				DEVELOPMENT_TEAM = TR2DNF3P93;
				ENABLE_HARDENED_RUNTIME = YES;
				GENERATE_INFOPLIST_FILE = YES;
				INFOPLIST_KEY_NSHumanReadableCopyright = "";
				INFOPLIST_KEY_NSMainStoryboardFile = Main;
				INFOPLIST_KEY_NSPrincipalClass = NSApplication;
				LD_RUNPATH_SEARCH_PATHS = (
					"$(inherited)",
					"@executable_path/../Frameworks",
				);
				MARKETING_VERSION = 1.0;
				PRODUCT_BUNDLE_IDENTIFIER = "com.github.steel-wheels.MultiUIKit.test.macOS";
				PRODUCT_NAME = "$(TARGET_NAME)";
				SWIFT_EMIT_LOC_STRINGS = YES;
				SWIFT_VERSION = 5.0;
			};
			name = Debug;
		};
		052C60952CC4F34900E7523B /* Release */ = {
			isa = XCBuildConfiguration;
			buildSettings = {
				ASSETCATALOG_COMPILER_APPICON_NAME = AppIcon;
				ASSETCATALOG_COMPILER_GLOBAL_ACCENT_COLOR_NAME = AccentColor;
				CODE_SIGN_ENTITLEMENTS = ../Tests/macOS/UnitTest_macOS.entitlements;
				CODE_SIGN_STYLE = Automatic;
				COMBINE_HIDPI_IMAGES = YES;
				CURRENT_PROJECT_VERSION = 1;
				DEAD_CODE_STRIPPING = YES;
				DEVELOPMENT_TEAM = TR2DNF3P93;
				ENABLE_HARDENED_RUNTIME = YES;
				GENERATE_INFOPLIST_FILE = YES;
				INFOPLIST_KEY_NSHumanReadableCopyright = "";
				INFOPLIST_KEY_NSMainStoryboardFile = Main;
				INFOPLIST_KEY_NSPrincipalClass = NSApplication;
				LD_RUNPATH_SEARCH_PATHS = (
					"$(inherited)",
					"@executable_path/../Frameworks",
				);
				MARKETING_VERSION = 1.0;
				PRODUCT_BUNDLE_IDENTIFIER = "com.github.steel-wheels.MultiUIKit.test.macOS";
				PRODUCT_NAME = "$(TARGET_NAME)";
				SWIFT_EMIT_LOC_STRINGS = YES;
				SWIFT_VERSION = 5.0;
			};
			name = Release;
		};
		0549ED122CC3AAD200BB3940 /* Debug */ = {
			isa = XCBuildConfiguration;
			buildSettings = {
				BUILD_LIBRARY_FOR_DISTRIBUTION = NO;
				"CODE_SIGN_IDENTITY[sdk=macosx*]" = "Apple Development";
				CODE_SIGN_STYLE = Automatic;
				COMBINE_HIDPI_IMAGES = YES;
				CURRENT_PROJECT_VERSION = 1;
				DEAD_CODE_STRIPPING = YES;
				DEFINES_MODULE = YES;
				DEVELOPMENT_TEAM = TR2DNF3P93;
				DSTROOT = "/tmp/$(PROJECT_NAME)_macOS.dst";
				DYLIB_COMPATIBILITY_VERSION = 1;
				DYLIB_CURRENT_VERSION = 1;
				DYLIB_INSTALL_NAME_BASE = "@rpath";
				ENABLE_MODULE_VERIFIER = YES;
				GCC_OPTIMIZATION_LEVEL = 1;
				GENERATE_INFOPLIST_FILE = YES;
				INFOPLIST_KEY_NSHumanReadableCopyright = "";
				INSTALL_PATH = "$(HOME)/local/Frameworks";
				LD_RUNPATH_SEARCH_PATHS = (
					"$(inherited)",
					"@executable_path/../Frameworks",
					"@loader_path/Frameworks",
				);
				MARKETING_VERSION = 1.0;
				MODULE_VERIFIER_SUPPORTED_LANGUAGES = "objective-c objective-c++";
				MODULE_VERIFIER_SUPPORTED_LANGUAGE_STANDARDS = "gnu17 gnu++20";
				PRODUCT_BUNDLE_IDENTIFIER = "com.github.steel-wheels.MultiUIKit-macOS";
				PRODUCT_NAME = MultiUIKit;
				SKIP_INSTALL = YES;
				SWIFT_EMIT_LOC_STRINGS = YES;
				SWIFT_INSTALL_OBJC_HEADER = NO;
				SWIFT_OPTIMIZATION_LEVEL = "-O";
				SWIFT_VERSION = 6.0;
			};
			name = Debug;
		};
		0549ED132CC3AAD200BB3940 /* Release */ = {
			isa = XCBuildConfiguration;
			buildSettings = {
				BUILD_LIBRARY_FOR_DISTRIBUTION = NO;
				"CODE_SIGN_IDENTITY[sdk=macosx*]" = "Apple Development";
				CODE_SIGN_STYLE = Automatic;
				COMBINE_HIDPI_IMAGES = YES;
				CURRENT_PROJECT_VERSION = 1;
				DEAD_CODE_STRIPPING = YES;
				DEFINES_MODULE = YES;
				DEVELOPMENT_TEAM = TR2DNF3P93;
				DSTROOT = "/tmp/$(PROJECT_NAME)_macOS.dst";
				DYLIB_COMPATIBILITY_VERSION = 1;
				DYLIB_CURRENT_VERSION = 1;
				DYLIB_INSTALL_NAME_BASE = "@rpath";
				ENABLE_MODULE_VERIFIER = YES;
				GCC_OPTIMIZATION_LEVEL = 1;
				GENERATE_INFOPLIST_FILE = YES;
				INFOPLIST_KEY_NSHumanReadableCopyright = "";
				INSTALL_PATH = "$(HOME)/local/Frameworks";
				LD_RUNPATH_SEARCH_PATHS = (
					"$(inherited)",
					"@executable_path/../Frameworks",
					"@loader_path/Frameworks",
				);
				MARKETING_VERSION = 1.0;
				MODULE_VERIFIER_SUPPORTED_LANGUAGES = "objective-c objective-c++";
				MODULE_VERIFIER_SUPPORTED_LANGUAGE_STANDARDS = "gnu17 gnu++20";
				PRODUCT_BUNDLE_IDENTIFIER = "com.github.steel-wheels.MultiUIKit-macOS";
				PRODUCT_NAME = MultiUIKit;
				SKIP_INSTALL = YES;
				SWIFT_EMIT_LOC_STRINGS = YES;
				SWIFT_INSTALL_OBJC_HEADER = NO;
				SWIFT_OPTIMIZATION_LEVEL = "-O";
				SWIFT_VERSION = 6.0;
			};
			name = Release;
		};
		0549ED142CC3AAD200BB3940 /* Debug */ = {
			isa = XCBuildConfiguration;
			buildSettings = {
				ALWAYS_SEARCH_USER_PATHS = NO;
				ASSETCATALOG_COMPILER_GENERATE_SWIFT_ASSET_SYMBOL_EXTENSIONS = YES;
				CLANG_ANALYZER_NONNULL = YES;
				CLANG_ANALYZER_NUMBER_OBJECT_CONVERSION = YES_AGGRESSIVE;
				CLANG_CXX_LANGUAGE_STANDARD = "gnu++20";
				CLANG_ENABLE_MODULES = YES;
				CLANG_ENABLE_OBJC_ARC = YES;
				CLANG_ENABLE_OBJC_WEAK = YES;
				CLANG_WARN_BLOCK_CAPTURE_AUTORELEASING = YES;
				CLANG_WARN_BOOL_CONVERSION = YES;
				CLANG_WARN_COMMA = YES;
				CLANG_WARN_CONSTANT_CONVERSION = YES;
				CLANG_WARN_DEPRECATED_OBJC_IMPLEMENTATIONS = YES;
				CLANG_WARN_DIRECT_OBJC_ISA_USAGE = YES_ERROR;
				CLANG_WARN_DOCUMENTATION_COMMENTS = YES;
				CLANG_WARN_EMPTY_BODY = YES;
				CLANG_WARN_ENUM_CONVERSION = YES;
				CLANG_WARN_INFINITE_RECURSION = YES;
				CLANG_WARN_INT_CONVERSION = YES;
				CLANG_WARN_NON_LITERAL_NULL_CONVERSION = YES;
				CLANG_WARN_OBJC_IMPLICIT_RETAIN_SELF = YES;
				CLANG_WARN_OBJC_LITERAL_CONVERSION = YES;
				CLANG_WARN_OBJC_ROOT_CLASS = YES_ERROR;
				CLANG_WARN_QUOTED_INCLUDE_IN_FRAMEWORK_HEADER = YES;
				CLANG_WARN_RANGE_LOOP_ANALYSIS = YES;
				CLANG_WARN_STRICT_PROTOTYPES = YES;
				CLANG_WARN_SUSPICIOUS_MOVE = YES;
				CLANG_WARN_UNGUARDED_AVAILABILITY = YES_AGGRESSIVE;
				CLANG_WARN_UNREACHABLE_CODE = YES;
				CLANG_WARN__DUPLICATE_METHOD_MATCH = YES;
				COPY_PHASE_STRIP = NO;
				CURRENT_PROJECT_VERSION = 1;
				DEAD_CODE_STRIPPING = YES;
				DEBUG_INFORMATION_FORMAT = dwarf;
				ENABLE_STRICT_OBJC_MSGSEND = YES;
				ENABLE_TESTABILITY = YES;
				ENABLE_USER_SCRIPT_SANDBOXING = YES;
				GCC_C_LANGUAGE_STANDARD = gnu17;
				GCC_DYNAMIC_NO_PIC = NO;
				GCC_NO_COMMON_BLOCKS = YES;
				GCC_OPTIMIZATION_LEVEL = 0;
				GCC_PREPROCESSOR_DEFINITIONS = (
					"DEBUG=1",
					"$(inherited)",
				);
				GCC_WARN_64_TO_32_BIT_CONVERSION = YES;
				GCC_WARN_ABOUT_RETURN_TYPE = YES_ERROR;
				GCC_WARN_UNDECLARED_SELECTOR = YES;
				GCC_WARN_UNINITIALIZED_AUTOS = YES_AGGRESSIVE;
				GCC_WARN_UNUSED_FUNCTION = YES;
				GCC_WARN_UNUSED_VARIABLE = YES;
				LOCALIZATION_PREFERS_STRING_CATALOGS = YES;
				MACOSX_DEPLOYMENT_TARGET = 15.0;
				MTL_ENABLE_DEBUG_INFO = INCLUDE_SOURCE;
				MTL_FAST_MATH = YES;
				ONLY_ACTIVE_ARCH = YES;
				SDKROOT = macosx;
				SWIFT_ACTIVE_COMPILATION_CONDITIONS = "DEBUG $(inherited)";
				SWIFT_OPTIMIZATION_LEVEL = "-Onone";
				VERSIONING_SYSTEM = "apple-generic";
				VERSION_INFO_PREFIX = "";
			};
			name = Debug;
		};
		0549ED152CC3AAD200BB3940 /* Release */ = {
			isa = XCBuildConfiguration;
			buildSettings = {
				ALWAYS_SEARCH_USER_PATHS = NO;
				ASSETCATALOG_COMPILER_GENERATE_SWIFT_ASSET_SYMBOL_EXTENSIONS = YES;
				CLANG_ANALYZER_NONNULL = YES;
				CLANG_ANALYZER_NUMBER_OBJECT_CONVERSION = YES_AGGRESSIVE;
				CLANG_CXX_LANGUAGE_STANDARD = "gnu++20";
				CLANG_ENABLE_MODULES = YES;
				CLANG_ENABLE_OBJC_ARC = YES;
				CLANG_ENABLE_OBJC_WEAK = YES;
				CLANG_WARN_BLOCK_CAPTURE_AUTORELEASING = YES;
				CLANG_WARN_BOOL_CONVERSION = YES;
				CLANG_WARN_COMMA = YES;
				CLANG_WARN_CONSTANT_CONVERSION = YES;
				CLANG_WARN_DEPRECATED_OBJC_IMPLEMENTATIONS = YES;
				CLANG_WARN_DIRECT_OBJC_ISA_USAGE = YES_ERROR;
				CLANG_WARN_DOCUMENTATION_COMMENTS = YES;
				CLANG_WARN_EMPTY_BODY = YES;
				CLANG_WARN_ENUM_CONVERSION = YES;
				CLANG_WARN_INFINITE_RECURSION = YES;
				CLANG_WARN_INT_CONVERSION = YES;
				CLANG_WARN_NON_LITERAL_NULL_CONVERSION = YES;
				CLANG_WARN_OBJC_IMPLICIT_RETAIN_SELF = YES;
				CLANG_WARN_OBJC_LITERAL_CONVERSION = YES;
				CLANG_WARN_OBJC_ROOT_CLASS = YES_ERROR;
				CLANG_WARN_QUOTED_INCLUDE_IN_FRAMEWORK_HEADER = YES;
				CLANG_WARN_RANGE_LOOP_ANALYSIS = YES;
				CLANG_WARN_STRICT_PROTOTYPES = YES;
				CLANG_WARN_SUSPICIOUS_MOVE = YES;
				CLANG_WARN_UNGUARDED_AVAILABILITY = YES_AGGRESSIVE;
				CLANG_WARN_UNREACHABLE_CODE = YES;
				CLANG_WARN__DUPLICATE_METHOD_MATCH = YES;
				COPY_PHASE_STRIP = NO;
				CURRENT_PROJECT_VERSION = 1;
				DEAD_CODE_STRIPPING = YES;
				DEBUG_INFORMATION_FORMAT = "dwarf-with-dsym";
				ENABLE_NS_ASSERTIONS = NO;
				ENABLE_STRICT_OBJC_MSGSEND = YES;
				ENABLE_USER_SCRIPT_SANDBOXING = YES;
				GCC_C_LANGUAGE_STANDARD = gnu17;
				GCC_NO_COMMON_BLOCKS = YES;
				GCC_WARN_64_TO_32_BIT_CONVERSION = YES;
				GCC_WARN_ABOUT_RETURN_TYPE = YES_ERROR;
				GCC_WARN_UNDECLARED_SELECTOR = YES;
				GCC_WARN_UNINITIALIZED_AUTOS = YES_AGGRESSIVE;
				GCC_WARN_UNUSED_FUNCTION = YES;
				GCC_WARN_UNUSED_VARIABLE = YES;
				LOCALIZATION_PREFERS_STRING_CATALOGS = YES;
				MACOSX_DEPLOYMENT_TARGET = 15.0;
				MTL_ENABLE_DEBUG_INFO = NO;
				MTL_FAST_MATH = YES;
				SDKROOT = macosx;
				SWIFT_COMPILATION_MODE = wholemodule;
				VERSIONING_SYSTEM = "apple-generic";
				VERSION_INFO_PREFIX = "";
			};
			name = Release;
		};
		05CF52BE2CC3AD3A0034E7BF /* Debug */ = {
			isa = XCBuildConfiguration;
			buildSettings = {
				BUILD_LIBRARY_FOR_DISTRIBUTION = NO;
				CODE_SIGN_STYLE = Automatic;
				CURRENT_PROJECT_VERSION = 1;
				DEFINES_MODULE = YES;
				DEVELOPMENT_TEAM = TR2DNF3P93;
				DSTROOT = "/tmp/$(PROJECT_NAME)_iOS.dst";
				DYLIB_COMPATIBILITY_VERSION = 1;
				DYLIB_CURRENT_VERSION = 1;
				DYLIB_INSTALL_NAME_BASE = "@rpath";
				ENABLE_MODULE_VERIFIER = YES;
				GCC_OPTIMIZATION_LEVEL = 1;
				GENERATE_INFOPLIST_FILE = YES;
				INFOPLIST_KEY_NSHumanReadableCopyright = "";
				INSTALL_PATH = "$(HOME)/local/Frameworks";
				IPHONEOS_DEPLOYMENT_TARGET = 18.0;
				LD_RUNPATH_SEARCH_PATHS = (
					"$(inherited)",
					"@executable_path/Frameworks",
					"@loader_path/Frameworks",
				);
				MARKETING_VERSION = 1.0;
				MODULE_VERIFIER_SUPPORTED_LANGUAGES = "objective-c objective-c++";
				MODULE_VERIFIER_SUPPORTED_LANGUAGE_STANDARDS = "gnu17 gnu++20";
				PRODUCT_BUNDLE_IDENTIFIER = "com.github.steel-wheels.MultiUIKit.iOS";
				PRODUCT_NAME = MultiUIKit;
				SDKROOT = iphoneos;
				SKIP_INSTALL = YES;
				SUPPORTED_PLATFORMS = "iphoneos iphonesimulator";
				SUPPORTS_MACCATALYST = NO;
				SUPPORTS_MAC_DESIGNED_FOR_IPHONE_IPAD = NO;
				SWIFT_EMIT_LOC_STRINGS = YES;
				SWIFT_INSTALL_OBJC_HEADER = NO;
				SWIFT_OPTIMIZATION_LEVEL = "-O";
				SWIFT_VERSION = 6.0;
				TARGETED_DEVICE_FAMILY = "1,2";
			};
			name = Debug;
		};
		05CF52BF2CC3AD3A0034E7BF /* Release */ = {
			isa = XCBuildConfiguration;
			buildSettings = {
				BUILD_LIBRARY_FOR_DISTRIBUTION = NO;
				CODE_SIGN_STYLE = Automatic;
				CURRENT_PROJECT_VERSION = 1;
				DEFINES_MODULE = YES;
				DEVELOPMENT_TEAM = TR2DNF3P93;
				DSTROOT = "/tmp/$(PROJECT_NAME)_iOS.dst";
				DYLIB_COMPATIBILITY_VERSION = 1;
				DYLIB_CURRENT_VERSION = 1;
				DYLIB_INSTALL_NAME_BASE = "@rpath";
				ENABLE_MODULE_VERIFIER = YES;
				GCC_OPTIMIZATION_LEVEL = 1;
				GENERATE_INFOPLIST_FILE = YES;
				INFOPLIST_KEY_NSHumanReadableCopyright = "";
				INSTALL_PATH = "$(HOME)/local/Frameworks";
				IPHONEOS_DEPLOYMENT_TARGET = 18.0;
				LD_RUNPATH_SEARCH_PATHS = (
					"$(inherited)",
					"@executable_path/Frameworks",
					"@loader_path/Frameworks",
				);
				MARKETING_VERSION = 1.0;
				MODULE_VERIFIER_SUPPORTED_LANGUAGES = "objective-c objective-c++";
				MODULE_VERIFIER_SUPPORTED_LANGUAGE_STANDARDS = "gnu17 gnu++20";
				PRODUCT_BUNDLE_IDENTIFIER = "com.github.steel-wheels.MultiUIKit.iOS";
				PRODUCT_NAME = MultiUIKit;
				SDKROOT = iphoneos;
				SKIP_INSTALL = YES;
				SUPPORTED_PLATFORMS = "iphoneos iphonesimulator";
				SUPPORTS_MACCATALYST = NO;
				SUPPORTS_MAC_DESIGNED_FOR_IPHONE_IPAD = NO;
				SWIFT_EMIT_LOC_STRINGS = YES;
				SWIFT_INSTALL_OBJC_HEADER = NO;
				SWIFT_OPTIMIZATION_LEVEL = "-O";
				SWIFT_VERSION = 6.0;
				TARGETED_DEVICE_FAMILY = "1,2";
				VALIDATE_PRODUCT = YES;
			};
			name = Release;
		};
		05F64B542CC3CF5100AAFAD9 /* Debug */ = {
			isa = XCBuildConfiguration;
			buildSettings = {
				CODE_SIGN_STYLE = Automatic;
				DEAD_CODE_STRIPPING = YES;
				DEBUGGING_SYMBOLS = YES;
				DEBUG_INFORMATION_FORMAT = dwarf;
				DEVELOPMENT_TEAM = TR2DNF3P93;
				GCC_GENERATE_DEBUGGING_SYMBOLS = YES;
				GCC_OPTIMIZATION_LEVEL = 0;
				OTHER_CFLAGS = "";
				OTHER_LDFLAGS = "";
				PRODUCT_NAME = "$(TARGET_NAME)";
			};
			name = Debug;
		};
		05F64B552CC3CF5100AAFAD9 /* Release */ = {
			isa = XCBuildConfiguration;
			buildSettings = {
				CODE_SIGN_STYLE = Automatic;
				DEAD_CODE_STRIPPING = YES;
				DEBUG_INFORMATION_FORMAT = "dwarf-with-dsym";
				DEVELOPMENT_TEAM = TR2DNF3P93;
				OTHER_CFLAGS = "";
				OTHER_LDFLAGS = "";
				PRODUCT_NAME = "$(TARGET_NAME)";
			};
			name = Release;
		};
/* End XCBuildConfiguration section */

/* Begin XCConfigurationList section */
		0515E7CE2CC476D300321C89 /* Build configuration list for PBXNativeTarget "UnitTest_iOS" */ = {
			isa = XCConfigurationList;
			buildConfigurations = (
				0515E7CF2CC476D300321C89 /* Debug */,
				0515E7D02CC476D300321C89 /* Release */,
			);
			defaultConfigurationIsVisible = 0;
			defaultConfigurationName = Release;
		};
		052C60932CC4F34900E7523B /* Build configuration list for PBXNativeTarget "UnitTest_macOS" */ = {
			isa = XCConfigurationList;
			buildConfigurations = (
				052C60942CC4F34900E7523B /* Debug */,
				052C60952CC4F34900E7523B /* Release */,
			);
			defaultConfigurationIsVisible = 0;
			defaultConfigurationName = Release;
		};
		0549ED032CC3AAD200BB3940 /* Build configuration list for PBXProject "MultiUIKit" */ = {
			isa = XCConfigurationList;
			buildConfigurations = (
				0549ED142CC3AAD200BB3940 /* Debug */,
				0549ED152CC3AAD200BB3940 /* Release */,
			);
			defaultConfigurationIsVisible = 0;
			defaultConfigurationName = Release;
		};
		0549ED112CC3AAD200BB3940 /* Build configuration list for PBXNativeTarget "MultiUIKit_macOS" */ = {
			isa = XCConfigurationList;
			buildConfigurations = (
				0549ED122CC3AAD200BB3940 /* Debug */,
				0549ED132CC3AAD200BB3940 /* Release */,
			);
			defaultConfigurationIsVisible = 0;
			defaultConfigurationName = Release;
		};
		05CF52BD2CC3AD3A0034E7BF /* Build configuration list for PBXNativeTarget "MultiUIKit_iOS" */ = {
			isa = XCConfigurationList;
			buildConfigurations = (
				05CF52BE2CC3AD3A0034E7BF /* Debug */,
				05CF52BF2CC3AD3A0034E7BF /* Release */,
			);
			defaultConfigurationIsVisible = 0;
			defaultConfigurationName = Release;
		};
		05F64B532CC3CF5100AAFAD9 /* Build configuration list for PBXLegacyTarget "Install" */ = {
			isa = XCConfigurationList;
			buildConfigurations = (
				05F64B542CC3CF5100AAFAD9 /* Debug */,
				05F64B552CC3CF5100AAFAD9 /* Release */,
			);
			defaultConfigurationIsVisible = 0;
			defaultConfigurationName = Release;
		};
/* End XCConfigurationList section */
	};
	rootObject = 0549ED002CC3AAD200BB3940 /* Project object */;
}
